// !$*UTF8*$!
{
	archiveVersion = 1;
	classes = {
	};
	objectVersion = 46;
	objects = {

/* Begin PBXBuildFile section */
		DF7F75301DBC1AB800299A9F /* AppDelegate.swift in Sources */ = {isa = PBXBuildFile; fileRef = DF7F752F1DBC1AB800299A9F /* AppDelegate.swift */; };
		DF7F75321DBC1AB800299A9F /* ViewController.swift in Sources */ = {isa = PBXBuildFile; fileRef = DF7F75311DBC1AB800299A9F /* ViewController.swift */; };
		DF7F75351DBC1AB800299A9F /* Main.storyboard in Resources */ = {isa = PBXBuildFile; fileRef = DF7F75331DBC1AB800299A9F /* Main.storyboard */; };
		DF7F75371DBC1AB800299A9F /* Assets.xcassets in Resources */ = {isa = PBXBuildFile; fileRef = DF7F75361DBC1AB800299A9F /* Assets.xcassets */; };
		DF7F753A1DBC1AB800299A9F /* LaunchScreen.storyboard in Resources */ = {isa = PBXBuildFile; fileRef = DF7F75381DBC1AB800299A9F /* LaunchScreen.storyboard */; };
/* End PBXBuildFile section */

/* Begin PBXFileReference section */
		DF7F752C1DBC1AB800299A9F /* Book Search.app */ = {isa = PBXFileReference; explicitFileType = wrapper.application; includeInIndex = 0; path = "Book Search.app"; sourceTree = BUILT_PRODUCTS_DIR; };
		DF7F752F1DBC1AB800299A9F /* AppDelegate.swift */ = {isa = PBXFileReference; lastKnownFileType = sourcecode.swift; path = AppDelegate.swift; sourceTree = "<group>"; };
		DF7F75311DBC1AB800299A9F /* ViewController.swift */ = {isa = PBXFileReference; lastKnownFileType = sourcecode.swift; path = ViewController.swift; sourceTree = "<group>"; };
		DF7F75341DBC1AB800299A9F /* Base */ = {isa = PBXFileReference; lastKnownFileType = file.storyboard; name = Base; path = Base.lproj/Main.storyboard; sourceTree = "<group>"; };
		DF7F75361DBC1AB800299A9F /* Assets.xcassets */ = {isa = PBXFileReference; lastKnownFileType = folder.assetcatalog; path = Assets.xcassets; sourceTree = "<group>"; };
		DF7F75391DBC1AB800299A9F /* Base */ = {isa = PBXFileReference; lastKnownFileType = file.storyboard; name = Base; path = Base.lproj/LaunchScreen.storyboard; sourceTree = "<group>"; };
		DF7F753B1DBC1AB800299A9F /* Info.plist */ = {isa = PBXFileReference; lastKnownFileType = text.plist.xml; path = Info.plist; sourceTree = "<group>"; };
/* End PBXFileReference section */

/* Begin PBXFrameworksBuildPhase section */
		DF7F75291DBC1AB800299A9F /* Frameworks */ = {
			isa = PBXFrameworksBuildPhase;
			buildActionMask = 2147483647;
			files = (
			);
			runOnlyForDeploymentPostprocessing = 0;
		};
/* End PBXFrameworksBuildPhase section */

/* Begin PBXGroup section */
		DF7F75231DBC1AB800299A9F = {
			isa = PBXGroup;
			children = (
				DF7F752E1DBC1AB800299A9F /* Book Search */,
				DF7F752D1DBC1AB800299A9F /* Products */,
			);
			sourceTree = "<group>";
		};
		DF7F752D1DBC1AB800299A9F /* Products */ = {
			isa = PBXGroup;
			children = (
				DF7F752C1DBC1AB800299A9F /* Book Search.app */,
			);
			name = Products;
			sourceTree = "<group>";
		};
		DF7F752E1DBC1AB800299A9F /* Book Search */ = {
			isa = PBXGroup;
			children = (
				DF7F752F1DBC1AB800299A9F /* AppDelegate.swift */,
				DF7F75311DBC1AB800299A9F /* ViewController.swift */,
				DF7F75331DBC1AB800299A9F /* Main.storyboard */,
				DF7F75361DBC1AB800299A9F /* Assets.xcassets */,
				DF7F75381DBC1AB800299A9F /* LaunchScreen.storyboard */,
				DF7F753B1DBC1AB800299A9F /* Info.plist */,
			);
			path = "Book Search";
			sourceTree = "<group>";
		};
/* End PBXGroup section */

/* Begin PBXNativeTarget section */
		DF7F752B1DBC1AB800299A9F /* Book Search */ = {
			isa = PBXNativeTarget;
			buildConfigurationList = DF7F753E1DBC1AB800299A9F /* Build configuration list for PBXNativeTarget "Book Search" */;
			buildPhases = (
				DF7F75281DBC1AB800299A9F /* Sources */,
				DF7F75291DBC1AB800299A9F /* Frameworks */,
				DF7F752A1DBC1AB800299A9F /* Resources */,
			);
			buildRules = (
			);
			dependencies = (
			);
			name = "Book Search";
			productName = "Book Search";
			productReference = DF7F752C1DBC1AB800299A9F /* Book Search.app */;
			productType = "com.apple.product-type.application";
		};
/* End PBXNativeTarget section */

/* Begin PBXProject section */
		DF7F75241DBC1AB800299A9F /* Project object */ = {
			isa = PBXProject;
			attributes = {
				LastSwiftUpdateCheck = 0800;
				LastUpgradeCheck = 0800;
				ORGANIZATIONNAME = "Guillermo Varela";
				TargetAttributes = {
					DF7F752B1DBC1AB800299A9F = {
						CreatedOnToolsVersion = 8.0;
						ProvisioningStyle = Automatic;
					};
				};
			};
			buildConfigurationList = DF7F75271DBC1AB800299A9F /* Build configuration list for PBXProject "Book Search" */;
			compatibilityVersion = "Xcode 3.2";
			developmentRegion = English;
			hasScannedForEncodings = 0;
			knownRegions = (
				en,
				Base,
			);
			mainGroup = DF7F75231DBC1AB800299A9F;
			productRefGroup = DF7F752D1DBC1AB800299A9F /* Products */;
			projectDirPath = "";
			projectRoot = "";
			targets = (
				DF7F752B1DBC1AB800299A9F /* Book Search */,
			);
		};
/* End PBXProject section */

/* Begin PBXResourcesBuildPhase section */
		DF7F752A1DBC1AB800299A9F /* Resources */ = {
			isa = PBXResourcesBuildPhase;
			buildActionMask = 2147483647;
			files = (
				DF7F753A1DBC1AB800299A9F /* LaunchScreen.storyboard in Resources */,
				DF7F75371DBC1AB800299A9F /* Assets.xcassets in Resources */,
				DF7F75351DBC1AB800299A9F /* Main.storyboard in Resources */,
			);
			runOnlyForDeploymentPostprocessing = 0;
		};
/* End PBXResourcesBuildPhase section */

/* Begin PBXSourcesBuildPhase section */
		DF7F75281DBC1AB800299A9F /* Sources */ = {
			isa = PBXSourcesBuildPhase;
			buildActionMask = 2147483647;
			files = (
				DF7F75321DBC1AB800299A9F /* ViewController.swift in Sources */,
				DF7F75301DBC1AB800299A9F /* AppDelegate.swift in Sources */,
			);
			runOnlyForDeploymentPostprocessing = 0;
		};
/* End PBXSourcesBuildPhase section */

/* Begin PBXVariantGroup section */
		DF7F75331DBC1AB800299A9F /* Main.storyboard */ = {
			isa = PBXVariantGroup;
			children = (
				DF7F75341DBC1AB800299A9F /* Base */,
			);
			name = Main.storyboard;
			sourceTree = "<group>";
		};
		DF7F75381DBC1AB800299A9F /* LaunchScreen.storyboard */ = {
			isa = PBXVariantGroup;
			children = (
				DF7F75391DBC1AB800299A9F /* Base */,
			);
			name = LaunchScreen.storyboard;
			sourceTree = "<group>";
		};
/* End PBXVariantGroup section */

/* Begin XCBuildConfiguration section */
		DF7F753C1DBC1AB800299A9F /* Debug */ = {
			isa = XCBuildConfiguration;
			buildSettings = {
				ALWAYS_SEARCH_USER_PATHS = NO;
				CLANG_ANALYZER_NONNULL = YES;
				CLANG_CXX_LANGUAGE_STANDARD = "gnu++0x";
				CLANG_CXX_LIBRARY = "libc++";
				CLANG_ENABLE_MODULES = YES;
				CLANG_ENABLE_OBJC_ARC = YES;
				CLANG_WARN_BOOL_CONVERSION = YES;
				CLANG_WARN_CONSTANT_CONVERSION = YES;
				CLANG_WARN_DIRECT_OBJC_ISA_USAGE = YES_ERROR;
				CLANG_WARN_DOCUMENTATION_COMMENTS = YES;
				CLANG_WARN_EMPTY_BODY = YES;
				CLANG_WARN_ENUM_CONVERSION = YES;
				CLANG_WARN_INFINITE_RECURSION = YES;
				CLANG_WARN_INT_CONVERSION = YES;
				CLANG_WARN_OBJC_ROOT_CLASS = YES_ERROR;
				CLANG_WARN_SUSPICIOUS_MOVES = YES;
				CLANG_WARN_UNREACHABLE_CODE = YES;
				CLANG_WARN__DUPLICATE_METHOD_MATCH = YES;
				"CODE_SIGN_IDENTITY[sdk=iphoneos*]" = "iPhone Developer";
				COPY_PHASE_STRIP = NO;
				DEBUG_INFORMATION_FORMAT = dwarf;
				ENABLE_STRICT_OBJC_MSGSEND = YES;
				ENABLE_TESTABILITY = YES;
				GCC_C_LANGUAGE_STANDARD = gnu99;
				GCC_DYNAMIC_NO_PIC = NO;
				GCC_NO_COMMON_BLOCKS = YES;
				GCC_OPTIMIZATION_LEVEL = 0;
				GCC_PREPROCESSOR_DEFINITIONS = (
					"DEBUG=1",
					"$(inherited)",
				);
				GCC_WARN_64_TO_32_BIT_CONVERSION = YES;
				GCC_WARN_ABOUT_RETURN_TYPE = YES_ERROR;
				GCC_WARN_UNDECLARED_SELECTOR = YES;
				GCC_WARN_UNINITIALIZED_AUTOS = YES_AGGRESSIVE;
				GCC_WARN_UNUSED_FUNCTION = YES;
				GCC_WARN_UNUSED_VARIABLE = YES;
				IPHONEOS_DEPLOYMENT_TARGET = 10.0;
				MTL_ENABLE_DEBUG_INFO = YES;
				ONLY_ACTIVE_ARCH = YES;
				SDKROOT = iphoneos;
				SWIFT_ACTIVE_COMPILATION_CONDITIONS = DEBUG;
				SWIFT_OPTIMIZATION_LEVEL = "-Onone";
				TARGETED_DEVICE_FAMILY = "1,2";
			};
			name = Debug;
		};
		DF7F753D1DBC1AB800299A9F /* Release */ = {
			isa = XCBuildConfiguration;
			buildSettings = {
				ALWAYS_SEARCH_USER_PATHS = NO;
				CLANG_ANALYZER_NONNULL = YES;
				CLANG_CXX_LANGUAGE_STANDARD = "gnu++0x";
				CLANG_CXX_LIBRARY = "libc++";
				CLANG_ENABLE_MODULES = YES;
				CLANG_ENABLE_OBJC_ARC = YES;
				CLANG_WARN_BOOL_CONVERSION = YES;
				CLANG_WARN_CONSTANT_CONVERSION = YES;
				CLANG_WARN_DIRECT_OBJC_ISA_USAGE = YES_ERROR;
				CLANG_WARN_DOCUMENTATION_COMMENTS = YES;
				CLANG_WARN_EMPTY_BODY = YES;
				CLANG_WARN_ENUM_CONVERSION = YES;
				CLANG_WARN_INFINITE_RECURSION = YES;
				CLANG_WARN_INT_CONVERSION = YES;
				CLANG_WARN_OBJC_ROOT_CLASS = YES_ERROR;
				CLANG_WARN_SUSPICIOUS_MOVES = YES;
				CLANG_WARN_UNREACHABLE_CODE = YES;
				CLANG_WARN__DUPLICATE_METHOD_MATCH = YES;
				"CODE_SIGN_IDENTITY[sdk=iphoneos*]" = "iPhone Developer";
				COPY_PHASE_STRIP = NO;
				DEBUG_INFORMATION_FORMAT = "dwarf-with-dsym";
				ENABLE_NS_ASSERTIONS = NO;
				ENABLE_STRICT_OBJC_MSGSEND = YES;
				GCC_C_LANGUAGE_STANDARD = gnu99;
				GCC_NO_COMMON_BLOCKS = YES;
				GCC_WARN_64_TO_32_BIT_CONVERSION = YES;
				GCC_WARN_ABOUT_RETURN_TYPE = YES_ERROR;
				GCC_WARN_UNDECLARED_SELECTOR = YES;
				GCC_WARN_UNINITIALIZED_AUTOS = YES_AGGRESSIVE;
				GCC_WARN_UNUSED_FUNCTION = YES;
				GCC_WARN_UNUSED_VARIABLE = YES;
				IPHONEOS_DEPLOYMENT_TARGET = 10.0;
				MTL_ENABLE_DEBUG_INFO = NO;
				SDKROOT = iphoneos;
				SWIFT_OPTIMIZATION_LEVEL = "-Owholemodule";
				TARGETED_DEVICE_FAMILY = "1,2";
				VALIDATE_PRODUCT = YES;
			};
			name = Release;
		};
		DF7F753F1DBC1AB800299A9F /* Debug */ = {
			isa = XCBuildConfiguration;
			buildSettings = {
				ASSETCATALOG_COMPILER_APPICON_NAME = AppIcon;
				INFOPLIST_FILE = "Book Search/Info.plist";
				LD_RUNPATH_SEARCH_PATHS = "$(inherited) @executable_path/Frameworks";
				PRODUCT_BUNDLE_IDENTIFIER = "com.blogspot.nombre-temp.Book-Search";
				PRODUCT_NAME = "$(TARGET_NAME)";
				SWIFT_VERSION = 3.0;
			};
			name = Debug;
		};
		DF7F75401DBC1AB800299A9F /* Release */ = {
			isa = XCBuildConfiguration;
			buildSettings = {
				ASSETCATALOG_COMPILER_APPICON_NAME = AppIcon;
				INFOPLIST_FILE = "Book Search/Info.plist";
				LD_RUNPATH_SEARCH_PATHS = "$(inherited) @executable_path/Frameworks";
				PRODUCT_BUNDLE_IDENTIFIER = "com.blogspot.nombre-temp.Book-Search";
				PRODUCT_NAME = "$(TARGET_NAME)";
				SWIFT_VERSION = 3.0;
			};
			name = Release;
		};
/* End XCBuildConfiguration section */

/* Begin XCConfigurationList section */
		DF7F75271DBC1AB800299A9F /* Build configuration list for PBXProject "Book Search" */ = {
			isa = XCConfigurationList;
			buildConfigurations = (
				DF7F753C1DBC1AB800299A9F /* Debug */,
				DF7F753D1DBC1AB800299A9F /* Release */,
			);
			defaultConfigurationIsVisible = 0;
			defaultConfigurationName = Release;
		};
		DF7F753E1DBC1AB800299A9F /* Build configuration list for PBXNativeTarget "Book Search" */ = {
			isa = XCConfigurationList;
			buildConfigurations = (
				DF7F753F1DBC1AB800299A9F /* Debug */,
				DF7F75401DBC1AB800299A9F /* Release */,
			);
			defaultConfigurationIsVisible = 0;
		};
/* End XCConfigurationList section */
	};
	rootObject = DF7F75241DBC1AB800299A9F /* Project object */;
}
